
Microsoft Visual Studio Solution File, Format Version 12.00
# Visual Studio Version 16
VisualStudioVersion = 16.0.28803.452
MinimumVisualStudioVersion = 10.0.40219.1
Project("{FAE04EC0-301F-11D3-BF4B-00C04F79EFBC}") = "UniversityConsole", "UniversityConsole\UniversityConsole.csproj", "{6952F1BB-6C53-4313-8691-7024CEB1CAB8}"
EndProject
Project("{FAE04EC0-301F-11D3-BF4B-00C04F79EFBC}") = "UniversityLib", "UniversityLib\UniversityLib.csproj", "{A4D7F5D7-0C84-412C-9685-AFF93535C978}"
EndProject
Global
	GlobalSection(SolutionConfigurationPlatforms) = preSolution
		Debug|Any CPU = Debug|Any CPU
		Release|Any CPU = Release|Any CPU
	EndGlobalSection
	GlobalSection(ProjectConfigurationPlatforms) = postSolution
		{6952F1BB-6C53-4313-8691-7024CEB1CAB8}.Debug|Any CPU.ActiveCfg = Debug|Any CPU
		{6952F1BB-6C53-4313-8691-7024CEB1CAB8}.Debug|Any CPU.Build.0 = Debug|Any CPU
		{6952F1BB-6C53-4313-8691-7024CEB1CAB8}.Release|Any CPU.ActiveCfg = Release|Any CPU
		{6952F1BB-6C53-4313-8691-7024CEB1CAB8}.Release|Any CPU.Build.0 = Release|Any CPU
		{A4D7F5D7-0C84-412C-9685-AFF93535C978}.Debug|Any CPU.ActiveCfg = Debug|Any CPU
		{A4D7F5D7-0C84-412C-9685-AFF93535C978}.Debug|Any CPU.Build.0 = Debug|Any CPU
		{A4D7F5D7-0C84-412C-9685-AFF93535C978}.Release|Any CPU.ActiveCfg = Release|Any CPU
		{A4D7F5D7-0C84-412C-9685-AFF93535C978}.Release|Any CPU.Build.0 = Release|Any CPU
	EndGlobalSection
	GlobalSection(SolutionProperties) = preSolution
		HideSolutionNode = FALSE
	EndGlobalSection
	GlobalSection(ExtensibilityGlobals) = postSolution
		SolutionGuid = {4C375C7C-7988-470B-8B8D-13F2523369BB}
	EndGlobalSection
EndGlobal
